
Microsoft Visual Studio Solution File, Format Version 12.00
# Visual Studio Version 17
VisualStudioVersion = 17.0.32112.339
MinimumVisualStudioVersion = 10.0.40219.1
Project("{9092AA53-FB77-4645-B42D-1CCCA6BD08BD}") = "AuthenticationSecurity", "AuthenticationSecurity.njsproj", "{2B32327D-B148-4970-9DCE-93909DBD64E5}"
EndProject
Global
	GlobalSection(SolutionConfigurationPlatforms) = preSolution
		Debug|Any CPU = Debug|Any CPU
		Release|Any CPU = Release|Any CPU
	EndGlobalSection
	GlobalSection(ProjectConfigurationPlatforms) = postSolution
		{2B32327D-B148-4970-9DCE-93909DBD64E5}.Debug|Any CPU.ActiveCfg = Debug|Any CPU
		{2B32327D-B148-4970-9DCE-93909DBD64E5}.Debug|Any CPU.Build.0 = Debug|Any CPU
		{2B32327D-B148-4970-9DCE-93909DBD64E5}.Release|Any CPU.ActiveCfg = Release|Any CPU
		{2B32327D-B148-4970-9DCE-93909DBD64E5}.Release|Any CPU.Build.0 = Release|Any CPU
	EndGlobalSection
	GlobalSection(SolutionProperties) = preSolution
		HideSolutionNode = FALSE
	EndGlobalSection
	GlobalSection(ExtensibilityGlobals) = postSolution
		SolutionGuid = {A2B4750F-32C1-46AA-B52F-C17EC90984C8}
	EndGlobalSection
EndGlobal
